
Microsoft Visual Studio Solution File, Format Version 12.00
# Visual Studio Version 16
VisualStudioVersion = 16.0.30907.101
MinimumVisualStudioVersion = 10.0.40219.1
Project("{FAE04EC0-301F-11D3-BF4B-00C04F79EFBC}") = "TaraftarTimer", "TaraftarTimer\TaraftarTimer.csproj", "{E5DFDE6B-62AF-447D-A859-63C71DC2C7D1}"
EndProject
Global
	GlobalSection(SolutionConfigurationPlatforms) = preSolution
		Debug|Any CPU = Debug|Any CPU
		Release|Any CPU = Release|Any CPU
	EndGlobalSection
	GlobalSection(ProjectConfigurationPlatforms) = postSolution
		{E5DFDE6B-62AF-447D-A859-63C71DC2C7D1}.Debug|Any CPU.ActiveCfg = Debug|Any CPU
		{E5DFDE6B-62AF-447D-A859-63C71DC2C7D1}.Debug|Any CPU.Build.0 = Debug|Any CPU
		{E5DFDE6B-62AF-447D-A859-63C71DC2C7D1}.Release|Any CPU.ActiveCfg = Release|Any CPU
		{E5DFDE6B-62AF-447D-A859-63C71DC2C7D1}.Release|Any CPU.Build.0 = Release|Any CPU
	EndGlobalSection
	GlobalSection(SolutionProperties) = preSolution
		HideSolutionNode = FALSE
	EndGlobalSection
	GlobalSection(ExtensibilityGlobals) = postSolution
		SolutionGuid = {172F52B8-C465-43B8-92FD-C4F111D6D7AC}
	EndGlobalSection
EndGlobal
